git https://github.com/frmdstryr/zig-datetime.git master src/datetime.zig 932d2845210644ca736faf35f5bea31eb1a15465
git https://github.com/Hejsil/zig-clap.git master clap.zig 749c43f1f846adc950a5920ed61b40cbc3ec2c54
git https://github.com/nektro/iguanaTLS.git master src/main.zig bd003aa75c8bc00e8a61a1be575b9305249dc749
git https://github.com/truemedian/hzzp.git master src/main.zig 4ecbaa41365030c946d9c3dc14c1b16e00245057
git https://github.com/leroycep/zig-tzif.git master tzif.zig cbb1d9f6f4a06dac30da685d51f4f6f261f17bda
git https://github.com/jecolon/ziglyph.git main src/ziglyph.zig 531d30951219f4703c85a51521745860185be6f2
git https://github.com/ziglibs/known-folders.git master known-folders.zig 24845b0103e611c108d6bc334231c464e699742c
